
Microsoft Visual Studio Solution File, Format Version 12.00
# Visual Studio Version 16
VisualStudioVersion = 25.0.1706.8
MinimumVisualStudioVersion = 10.0.40219.1
Project("{FAE04EC0-301F-11D3-BF4B-00C04F79EFBC}") = "Farmerandcustomerapp", "Farmerandcustomerapp\Farmerandcustomerapp.csproj", "{BA49835C-6E88-4017-8258-15C43DDD8CB3}"
EndProject
Global
	GlobalSection(SolutionConfigurationPlatforms) = preSolution
		Debug|Any CPU = Debug|Any CPU
		Release|Any CPU = Release|Any CPU
	EndGlobalSection
	GlobalSection(ProjectConfigurationPlatforms) = postSolution
		{BA49835C-6E88-4017-8258-15C43DDD8CB3}.Debug|Any CPU.ActiveCfg = Debug|Any CPU
		{BA49835C-6E88-4017-8258-15C43DDD8CB3}.Debug|Any CPU.Build.0 = Debug|Any CPU
		{BA49835C-6E88-4017-8258-15C43DDD8CB3}.Release|Any CPU.ActiveCfg = Release|Any CPU
		{BA49835C-6E88-4017-8258-15C43DDD8CB3}.Release|Any CPU.Build.0 = Release|Any CPU
	EndGlobalSection
	GlobalSection(SolutionProperties) = preSolution
		HideSolutionNode = FALSE
	EndGlobalSection
	GlobalSection(ExtensibilityGlobals) = postSolution
		SolutionGuid = {B9F5D19A-40FE-4844-AE78-1CC7EC381FA3}
	EndGlobalSection
EndGlobal
